// !$*UTF8*$!
{
	archiveVersion = 1;
	classes = {
	};
	objectVersion = 46;
	objects = {

/* Begin PBXBuildFile section */
		A94A7E5A3E3449338D6B7114 /* libPods-MasonryDemo.a in Frameworks */ = {isa = PBXBuildFile; fileRef = 02E1866E453344F897C9DA3D /* libPods-MasonryDemo.a */; };
		F6B3517419654C180093AE7D /* Foundation.framework in Frameworks */ = {isa = PBXBuildFile; fileRef = F6B3517319654C180093AE7D /* Foundation.framework */; };
		F6B3517619654C180093AE7D /* CoreGraphics.framework in Frameworks */ = {isa = PBXBuildFile; fileRef = F6B3517519654C180093AE7D /* CoreGraphics.framework */; };
		F6B3517819654C180093AE7D /* UIKit.framework in Frameworks */ = {isa = PBXBuildFile; fileRef = F6B3517719654C180093AE7D /* UIKit.framework */; };
		F6B3517E19654C180093AE7D /* InfoPlist.strings in Resources */ = {isa = PBXBuildFile; fileRef = F6B3517C19654C180093AE7D /* InfoPlist.strings */; };
		F6B3518019654C180093AE7D /* main.m in Sources */ = {isa = PBXBuildFile; fileRef = F6B3517F19654C180093AE7D /* main.m */; };
		F6B3518419654C180093AE7D /* AppDelegate.m in Sources */ = {isa = PBXBuildFile; fileRef = F6B3518319654C180093AE7D /* AppDelegate.m */; };
		F6B3518A19654C180093AE7D /* ViewController.m in Sources */ = {isa = PBXBuildFile; fileRef = F6B3518919654C180093AE7D /* ViewController.m */; };
		F6B3518C19654C180093AE7D /* Images.xcassets in Resources */ = {isa = PBXBuildFile; fileRef = F6B3518B19654C180093AE7D /* Images.xcassets */; };
		F6B3519319654C180093AE7D /* XCTest.framework in Frameworks */ = {isa = PBXBuildFile; fileRef = F6B3519219654C180093AE7D /* XCTest.framework */; };
		F6B3519419654C180093AE7D /* Foundation.framework in Frameworks */ = {isa = PBXBuildFile; fileRef = F6B3517319654C180093AE7D /* Foundation.framework */; };
		F6B3519519654C180093AE7D /* UIKit.framework in Frameworks */ = {isa = PBXBuildFile; fileRef = F6B3517719654C180093AE7D /* UIKit.framework */; };
		F6B3519D19654C180093AE7D /* InfoPlist.strings in Resources */ = {isa = PBXBuildFile; fileRef = F6B3519B19654C180093AE7D /* InfoPlist.strings */; };
		F6B3519F19654C180093AE7D /* MasonryDemoTests.m in Sources */ = {isa = PBXBuildFile; fileRef = F6B3519E19654C180093AE7D /* MasonryDemoTests.m */; };
		F6B351AA1965533A0093AE7D /* ScrollView.m in Sources */ = {isa = PBXBuildFile; fileRef = F6B351A91965533A0093AE7D /* ScrollView.m */; };
		F6B351CF196557F20093AE7D /* TopView.m in Sources */ = {isa = PBXBuildFile; fileRef = F6B351CE196557F20093AE7D /* TopView.m */; };
/* End PBXBuildFile section */

/* Begin PBXContainerItemProxy section */
		F6B3519619654C180093AE7D /* PBXContainerItemProxy */ = {
			isa = PBXContainerItemProxy;
			containerPortal = F6B3516819654C170093AE7D /* Project object */;
			proxyType = 1;
			remoteGlobalIDString = F6B3516F19654C180093AE7D;
			remoteInfo = MasonryDemo;
		};
/* End PBXContainerItemProxy section */

/* Begin PBXFileReference section */
		02E1866E453344F897C9DA3D /* libPods-MasonryDemo.a */ = {isa = PBXFileReference; explicitFileType = archive.ar; includeInIndex = 0; path = "libPods-MasonryDemo.a"; sourceTree = BUILT_PRODUCTS_DIR; };
		8379DEA93B7C4341A97084C4 /* Pods-MasonryDemo.xcconfig */ = {isa = PBXFileReference; includeInIndex = 1; lastKnownFileType = text.xcconfig; name = "Pods-MasonryDemo.xcconfig"; path = "Pods/Pods-MasonryDemo.xcconfig"; sourceTree = "<group>"; };
		F6B3517019654C180093AE7D /* MasonryDemo.app */ = {isa = PBXFileReference; explicitFileType = wrapper.application; includeInIndex = 0; path = MasonryDemo.app; sourceTree = BUILT_PRODUCTS_DIR; };
		F6B3517319654C180093AE7D /* Foundation.framework */ = {isa = PBXFileReference; lastKnownFileType = wrapper.framework; name = Foundation.framework; path = System/Library/Frameworks/Foundation.framework; sourceTree = SDKROOT; };
		F6B3517519654C180093AE7D /* CoreGraphics.framework */ = {isa = PBXFileReference; lastKnownFileType = wrapper.framework; name = CoreGraphics.framework; path = System/Library/Frameworks/CoreGraphics.framework; sourceTree = SDKROOT; };
		F6B3517719654C180093AE7D /* UIKit.framework */ = {isa = PBXFileReference; lastKnownFileType = wrapper.framework; name = UIKit.framework; path = System/Library/Frameworks/UIKit.framework; sourceTree = SDKROOT; };
		F6B3517B19654C180093AE7D /* MasonryDemo-Info.plist */ = {isa = PBXFileReference; lastKnownFileType = text.plist.xml; path = "MasonryDemo-Info.plist"; sourceTree = "<group>"; };
		F6B3517D19654C180093AE7D /* en */ = {isa = PBXFileReference; lastKnownFileType = text.plist.strings; name = en; path = en.lproj/InfoPlist.strings; sourceTree = "<group>"; };
		F6B3517F19654C180093AE7D /* main.m */ = {isa = PBXFileReference; lastKnownFileType = sourcecode.c.objc; path = main.m; sourceTree = "<group>"; };
		F6B3518119654C180093AE7D /* MasonryDemo-Prefix.pch */ = {isa = PBXFileReference; lastKnownFileType = sourcecode.c.h; path = "MasonryDemo-Prefix.pch"; sourceTree = "<group>"; };
		F6B3518219654C180093AE7D /* AppDelegate.h */ = {isa = PBXFileReference; lastKnownFileType = sourcecode.c.h; path = AppDelegate.h; sourceTree = "<group>"; };
		F6B3518319654C180093AE7D /* AppDelegate.m */ = {isa = PBXFileReference; lastKnownFileType = sourcecode.c.objc; path = AppDelegate.m; sourceTree = "<group>"; };
		F6B3518819654C180093AE7D /* ViewController.h */ = {isa = PBXFileReference; lastKnownFileType = sourcecode.c.h; path = ViewController.h; sourceTree = "<group>"; };
		F6B3518919654C180093AE7D /* ViewController.m */ = {isa = PBXFileReference; lastKnownFileType = sourcecode.c.objc; path = ViewController.m; sourceTree = "<group>"; };
		F6B3518B19654C180093AE7D /* Images.xcassets */ = {isa = PBXFileReference; lastKnownFileType = folder.assetcatalog; path = Images.xcassets; sourceTree = "<group>"; };
		F6B3519119654C180093AE7D /* MasonryDemoTests.xctest */ = {isa = PBXFileReference; explicitFileType = wrapper.cfbundle; includeInIndex = 0; path = MasonryDemoTests.xctest; sourceTree = BUILT_PRODUCTS_DIR; };
		F6B3519219654C180093AE7D /* XCTest.framework */ = {isa = PBXFileReference; lastKnownFileType = wrapper.framework; name = XCTest.framework; path = Library/Frameworks/XCTest.framework; sourceTree = DEVELOPER_DIR; };
		F6B3519A19654C180093AE7D /* MasonryDemoTests-Info.plist */ = {isa = PBXFileReference; lastKnownFileType = text.plist.xml; path = "MasonryDemoTests-Info.plist"; sourceTree = "<group>"; };
		F6B3519C19654C180093AE7D /* en */ = {isa = PBXFileReference; lastKnownFileType = text.plist.strings; name = en; path = en.lproj/InfoPlist.strings; sourceTree = "<group>"; };
		F6B3519E19654C180093AE7D /* MasonryDemoTests.m */ = {isa = PBXFileReference; lastKnownFileType = sourcecode.c.objc; path = MasonryDemoTests.m; sourceTree = "<group>"; };
		F6B351A81965533A0093AE7D /* ScrollView.h */ = {isa = PBXFileReference; fileEncoding = 4; lastKnownFileType = sourcecode.c.h; path = ScrollView.h; sourceTree = "<group>"; };
		F6B351A91965533A0093AE7D /* ScrollView.m */ = {isa = PBXFileReference; fileEncoding = 4; lastKnownFileType = sourcecode.c.objc; path = ScrollView.m; sourceTree = "<group>"; };
		F6B351CD196557F20093AE7D /* TopView.h */ = {isa = PBXFileReference; fileEncoding = 4; lastKnownFileType = sourcecode.c.h; name = TopView.h; path = View/TopView.h; sourceTree = "<group>"; };
		F6B351CE196557F20093AE7D /* TopView.m */ = {isa = PBXFileReference; fileEncoding = 4; lastKnownFileType = sourcecode.c.objc; name = TopView.m; path = View/TopView.m; sourceTree = "<group>"; };
/* End PBXFileReference section */

/* Begin PBXFrameworksBuildPhase section */
		F6B3516D19654C180093AE7D /* Frameworks */ = {
			isa = PBXFrameworksBuildPhase;
			buildActionMask = 2147483647;
			files = (
				F6B3517619654C180093AE7D /* CoreGraphics.framework in Frameworks */,
				F6B3517819654C180093AE7D /* UIKit.framework in Frameworks */,
				F6B3517419654C180093AE7D /* Foundation.framework in Frameworks */,
				A94A7E5A3E3449338D6B7114 /* libPods-MasonryDemo.a in Frameworks */,
			);
			runOnlyForDeploymentPostprocessing = 0;
		};
		F6B3518E19654C180093AE7D /* Frameworks */ = {
			isa = PBXFrameworksBuildPhase;
			buildActionMask = 2147483647;
			files = (
				F6B3519319654C180093AE7D /* XCTest.framework in Frameworks */,
				F6B3519519654C180093AE7D /* UIKit.framework in Frameworks */,
				F6B3519419654C180093AE7D /* Foundation.framework in Frameworks */,
			);
			runOnlyForDeploymentPostprocessing = 0;
		};
/* End PBXFrameworksBuildPhase section */

/* Begin PBXGroup section */
		F6B3516719654C170093AE7D = {
			isa = PBXGroup;
			children = (
				F6B3517919654C180093AE7D /* MasonryDemo */,
				F6B3519819654C180093AE7D /* MasonryDemoTests */,
				F6B3517219654C180093AE7D /* Frameworks */,
				F6B3517119654C180093AE7D /* Products */,
				8379DEA93B7C4341A97084C4 /* Pods-MasonryDemo.xcconfig */,
			);
			sourceTree = "<group>";
		};
		F6B3517119654C180093AE7D /* Products */ = {
			isa = PBXGroup;
			children = (
				F6B3517019654C180093AE7D /* MasonryDemo.app */,
				F6B3519119654C180093AE7D /* MasonryDemoTests.xctest */,
			);
			name = Products;
			sourceTree = "<group>";
		};
		F6B3517219654C180093AE7D /* Frameworks */ = {
			isa = PBXGroup;
			children = (
				F6B3517319654C180093AE7D /* Foundation.framework */,
				F6B3517519654C180093AE7D /* CoreGraphics.framework */,
				F6B3517719654C180093AE7D /* UIKit.framework */,
				F6B3519219654C180093AE7D /* XCTest.framework */,
				02E1866E453344F897C9DA3D /* libPods-MasonryDemo.a */,
			);
			name = Frameworks;
			sourceTree = "<group>";
		};
		F6B3517919654C180093AE7D /* MasonryDemo */ = {
			isa = PBXGroup;
			children = (
				F6B3518219654C180093AE7D /* AppDelegate.h */,
				F6B3518319654C180093AE7D /* AppDelegate.m */,
				F6B3518819654C180093AE7D /* ViewController.h */,
				F6B3518919654C180093AE7D /* ViewController.m */,
				F6B351A81965533A0093AE7D /* ScrollView.h */,
				F6B351A91965533A0093AE7D /* ScrollView.m */,
				F6B351CC196557540093AE7D /* View */,
				F6B3518B19654C180093AE7D /* Images.xcassets */,
				F6B3517A19654C180093AE7D /* Supporting Files */,
			);
			path = MasonryDemo;
			sourceTree = "<group>";
		};
		F6B3517A19654C180093AE7D /* Supporting Files */ = {
			isa = PBXGroup;
			children = (
				F6B3517B19654C180093AE7D /* MasonryDemo-Info.plist */,
				F6B3517C19654C180093AE7D /* InfoPlist.strings */,
				F6B3517F19654C180093AE7D /* main.m */,
				F6B3518119654C180093AE7D /* MasonryDemo-Prefix.pch */,
			);
			name = "Supporting Files";
			sourceTree = "<group>";
		};
		F6B3519819654C180093AE7D /* MasonryDemoTests */ = {
			isa = PBXGroup;
			children = (
				F6B3519E19654C180093AE7D /* MasonryDemoTests.m */,
				F6B3519919654C180093AE7D /* Supporting Files */,
			);
			path = MasonryDemoTests;
			sourceTree = "<group>";
		};
		F6B3519919654C180093AE7D /* Supporting Files */ = {
			isa = PBXGroup;
			children = (
				F6B3519A19654C180093AE7D /* MasonryDemoTests-Info.plist */,
				F6B3519B19654C180093AE7D /* InfoPlist.strings */,
			);
			name = "Supporting Files";
			sourceTree = "<group>";
		};
		F6B351CC196557540093AE7D /* View */ = {
			isa = PBXGroup;
			children = (
				F6B351CD196557F20093AE7D /* TopView.h */,
				F6B351CE196557F20093AE7D /* TopView.m */,
			);
			name = View;
			sourceTree = "<group>";
		};
/* End PBXGroup section */

/* Begin PBXNativeTarget section */
		F6B3516F19654C180093AE7D /* MasonryDemo */ = {
			isa = PBXNativeTarget;
			buildConfigurationList = F6B351A219654C180093AE7D /* Build configuration list for PBXNativeTarget "MasonryDemo" */;
			buildPhases = (
				1A780074B48141358FB36A7E /* Check Pods Manifest.lock */,
				F6B3516C19654C180093AE7D /* Sources */,
				F6B3516D19654C180093AE7D /* Frameworks */,
				F6B3516E19654C180093AE7D /* Resources */,
				041159A4978548BB9BCFC5DA /* Copy Pods Resources */,
			);
			buildRules = (
			);
			dependencies = (
			);
			name = MasonryDemo;
			productName = MasonryDemo;
			productReference = F6B3517019654C180093AE7D /* MasonryDemo.app */;
			productType = "com.apple.product-type.application";
		};
		F6B3519019654C180093AE7D /* MasonryDemoTests */ = {
			isa = PBXNativeTarget;
			buildConfigurationList = F6B351A519654C180093AE7D /* Build configuration list for PBXNativeTarget "MasonryDemoTests" */;
			buildPhases = (
				F6B3518D19654C180093AE7D /* Sources */,
				F6B3518E19654C180093AE7D /* Frameworks */,
				F6B3518F19654C180093AE7D /* Resources */,
			);
			buildRules = (
			);
			dependencies = (
				F6B3519719654C180093AE7D /* PBXTargetDependency */,
			);
			name = MasonryDemoTests;
			productName = MasonryDemoTests;
			productReference = F6B3519119654C180093AE7D /* MasonryDemoTests.xctest */;
			productType = "com.apple.product-type.bundle.unit-test";
		};
/* End PBXNativeTarget section */

/* Begin PBXProject section */
		F6B3516819654C170093AE7D /* Project object */ = {
			isa = PBXProject;
			attributes = {
				LastUpgradeCheck = 0510;
				ORGANIZATIONNAME = BILLYHO;
				TargetAttributes = {
					F6B3519019654C180093AE7D = {
						TestTargetID = F6B3516F19654C180093AE7D;
					};
				};
			};
			buildConfigurationList = F6B3516B19654C170093AE7D /* Build configuration list for PBXProject "MasonryDemo" */;
			compatibilityVersion = "Xcode 3.2";
			developmentRegion = English;
			hasScannedForEncodings = 0;
			knownRegions = (
				en,
				Base,
			);
			mainGroup = F6B3516719654C170093AE7D;
			productRefGroup = F6B3517119654C180093AE7D /* Products */;
			projectDirPath = "";
			projectRoot = "";
			targets = (
				F6B3516F19654C180093AE7D /* MasonryDemo */,
				F6B3519019654C180093AE7D /* MasonryDemoTests */,
			);
		};
/* End PBXProject section */

/* Begin PBXResourcesBuildPhase section */
		F6B3516E19654C180093AE7D /* Resources */ = {
			isa = PBXResourcesBuildPhase;
			buildActionMask = 2147483647;
			files = (
				F6B3518C19654C180093AE7D /* Images.xcassets in Resources */,
				F6B3517E19654C180093AE7D /* InfoPlist.strings in Resources */,
			);
			runOnlyForDeploymentPostprocessing = 0;
		};
		F6B3518F19654C180093AE7D /* Resources */ = {
			isa = PBXResourcesBuildPhase;
			buildActionMask = 2147483647;
			files = (
				F6B3519D19654C180093AE7D /* InfoPlist.strings in Resources */,
			);
			runOnlyForDeploymentPostprocessing = 0;
		};
/* End PBXResourcesBuildPhase section */

/* Begin PBXShellScriptBuildPhase section */
		041159A4978548BB9BCFC5DA /* Copy Pods Resources */ = {
			isa = PBXShellScriptBuildPhase;
			buildActionMask = 2147483647;
			files = (
			);
			inputPaths = (
			);
			name = "Copy Pods Resources";
			outputPaths = (
			);
			runOnlyForDeploymentPostprocessing = 0;
			shellPath = /bin/sh;
			shellScript = "\"${SRCROOT}/Pods/Pods-MasonryDemo-resources.sh\"\n";
			showEnvVarsInLog = 0;
		};
		1A780074B48141358FB36A7E /* Check Pods Manifest.lock */ = {
			isa = PBXShellScriptBuildPhase;
			buildActionMask = 2147483647;
			files = (
			);
			inputPaths = (
			);
			name = "Check Pods Manifest.lock";
			outputPaths = (
			);
			runOnlyForDeploymentPostprocessing = 0;
			shellPath = /bin/sh;
			shellScript = "diff \"${PODS_ROOT}/../Podfile.lock\" \"${PODS_ROOT}/Manifest.lock\" > /dev/null\nif [[ $? != 0 ]] ; then\n    cat << EOM\nerror: The sandbox is not in sync with the Podfile.lock. Run 'pod install' or update your CocoaPods installation.\nEOM\n    exit 1\nfi\n";
			showEnvVarsInLog = 0;
		};
/* End PBXShellScriptBuildPhase section */

/* Begin PBXSourcesBuildPhase section */
		F6B3516C19654C180093AE7D /* Sources */ = {
			isa = PBXSourcesBuildPhase;
			buildActionMask = 2147483647;
			files = (
				F6B3518A19654C180093AE7D /* ViewController.m in Sources */,
				F6B351CF196557F20093AE7D /* TopView.m in Sources */,
				F6B351AA1965533A0093AE7D /* ScrollView.m in Sources */,
				F6B3518419654C180093AE7D /* AppDelegate.m in Sources */,
				F6B3518019654C180093AE7D /* main.m in Sources */,
			);
			runOnlyForDeploymentPostprocessing = 0;
		};
		F6B3518D19654C180093AE7D /* Sources */ = {
			isa = PBXSourcesBuildPhase;
			buildActionMask = 2147483647;
			files = (
				F6B3519F19654C180093AE7D /* MasonryDemoTests.m in Sources */,
			);
			runOnlyForDeploymentPostprocessing = 0;
		};
/* End PBXSourcesBuildPhase section */

/* Begin PBXTargetDependency section */
		F6B3519719654C180093AE7D /* PBXTargetDependency */ = {
			isa = PBXTargetDependency;
			target = F6B3516F19654C180093AE7D /* MasonryDemo */;
			targetProxy = F6B3519619654C180093AE7D /* PBXContainerItemProxy */;
		};
/* End PBXTargetDependency section */

/* Begin PBXVariantGroup section */
		F6B3517C19654C180093AE7D /* InfoPlist.strings */ = {
			isa = PBXVariantGroup;
			children = (
				F6B3517D19654C180093AE7D /* en */,
			);
			name = InfoPlist.strings;
			sourceTree = "<group>";
		};
		F6B3519B19654C180093AE7D /* InfoPlist.strings */ = {
			isa = PBXVariantGroup;
			children = (
				F6B3519C19654C180093AE7D /* en */,
			);
			name = InfoPlist.strings;
			sourceTree = "<group>";
		};
/* End PBXVariantGroup section */

/* Begin XCBuildConfiguration section */
		F6B351A019654C180093AE7D /* Debug */ = {
			isa = XCBuildConfiguration;
			buildSettings = {
				ALWAYS_SEARCH_USER_PATHS = NO;
				CLANG_CXX_LANGUAGE_STANDARD = "gnu++0x";
				CLANG_CXX_LIBRARY = "libc++";
				CLANG_ENABLE_MODULES = YES;
				CLANG_ENABLE_OBJC_ARC = YES;
				CLANG_WARN_BOOL_CONVERSION = YES;
				CLANG_WARN_CONSTANT_CONVERSION = YES;
				CLANG_WARN_DIRECT_OBJC_ISA_USAGE = YES_ERROR;
				CLANG_WARN_EMPTY_BODY = YES;
				CLANG_WARN_ENUM_CONVERSION = YES;
				CLANG_WARN_INT_CONVERSION = YES;
				CLANG_WARN_OBJC_ROOT_CLASS = YES_ERROR;
				CLANG_WARN__DUPLICATE_METHOD_MATCH = YES;
				"CODE_SIGN_IDENTITY[sdk=iphoneos*]" = "iPhone Developer";
				COPY_PHASE_STRIP = NO;
				GCC_C_LANGUAGE_STANDARD = gnu99;
				GCC_DYNAMIC_NO_PIC = NO;
				GCC_OPTIMIZATION_LEVEL = 0;
				GCC_PREPROCESSOR_DEFINITIONS = (
					"DEBUG=1",
					"$(inherited)",
				);
				GCC_SYMBOLS_PRIVATE_EXTERN = NO;
				GCC_WARN_64_TO_32_BIT_CONVERSION = YES;
				GCC_WARN_ABOUT_RETURN_TYPE = YES_ERROR;
				GCC_WARN_UNDECLARED_SELECTOR = YES;
				GCC_WARN_UNINITIALIZED_AUTOS = YES_AGGRESSIVE;
				GCC_WARN_UNUSED_FUNCTION = YES;
				GCC_WARN_UNUSED_VARIABLE = YES;
				IPHONEOS_DEPLOYMENT_TARGET = 7.1;
				ONLY_ACTIVE_ARCH = YES;
				SDKROOT = iphoneos;
			};
			name = Debug;
		};
		F6B351A119654C180093AE7D /* Release */ = {
			isa = XCBuildConfiguration;
			buildSettings = {
				ALWAYS_SEARCH_USER_PATHS = NO;
				CLANG_CXX_LANGUAGE_STANDARD = "gnu++0x";
				CLANG_CXX_LIBRARY = "libc++";
				CLANG_ENABLE_MODULES = YES;
				CLANG_ENABLE_OBJC_ARC = YES;
				CLANG_WARN_BOOL_CONVERSION = YES;
				CLANG_WARN_CONSTANT_CONVERSION = YES;
				CLANG_WARN_DIRECT_OBJC_ISA_USAGE = YES_ERROR;
				CLANG_WARN_EMPTY_BODY = YES;
				CLANG_WARN_ENUM_CONVERSION = YES;
				CLANG_WARN_INT_CONVERSION = YES;
				CLANG_WARN_OBJC_ROOT_CLASS = YES_ERROR;
				CLANG_WARN__DUPLICATE_METHOD_MATCH = YES;
				"CODE_SIGN_IDENTITY[sdk=iphoneos*]" = "iPhone Developer";
				COPY_PHASE_STRIP = YES;
				ENABLE_NS_ASSERTIONS = NO;
				GCC_C_LANGUAGE_STANDARD = gnu99;
				GCC_WARN_64_TO_32_BIT_CONVERSION = YES;
				GCC_WARN_ABOUT_RETURN_TYPE = YES_ERROR;
				GCC_WARN_UNDECLARED_SELECTOR = YES;
				GCC_WARN_UNINITIALIZED_AUTOS = YES_AGGRESSIVE;
				GCC_WARN_UNUSED_FUNCTION = YES;
				GCC_WARN_UNUSED_VARIABLE = YES;
				IPHONEOS_DEPLOYMENT_TARGET = 7.1;
				SDKROOT = iphoneos;
				VALIDATE_PRODUCT = YES;
			};
			name = Release;
		};
		F6B351A319654C180093AE7D /* Debug */ = {
			isa = XCBuildConfiguration;
			baseConfigurationReference = 8379DEA93B7C4341A97084C4 /* Pods-MasonryDemo.xcconfig */;
			buildSettings = {
				ASSETCATALOG_COMPILER_APPICON_NAME = AppIcon;
				ASSETCATALOG_COMPILER_LAUNCHIMAGE_NAME = LaunchImage;
				GCC_PRECOMPILE_PREFIX_HEADER = YES;
				GCC_PREFIX_HEADER = "MasonryDemo/MasonryDemo-Prefix.pch";
				INFOPLIST_FILE = "MasonryDemo/MasonryDemo-Info.plist";
				PRODUCT_NAME = "$(TARGET_NAME)";
				WRAPPER_EXTENSION = app;
			};
			name = Debug;
		};
		F6B351A419654C180093AE7D /* Release */ = {
			isa = XCBuildConfiguration;
			baseConfigurationReference = 8379DEA93B7C4341A97084C4 /* Pods-MasonryDemo.xcconfig */;
			buildSettings = {
				ASSETCATALOG_COMPILER_APPICON_NAME = AppIcon;
				ASSETCATALOG_COMPILER_LAUNCHIMAGE_NAME = LaunchImage;
				GCC_PRECOMPILE_PREFIX_HEADER = YES;
				GCC_PREFIX_HEADER = "MasonryDemo/MasonryDemo-Prefix.pch";
				INFOPLIST_FILE = "MasonryDemo/MasonryDemo-Info.plist";
				PRODUCT_NAME = "$(TARGET_NAME)";
				WRAPPER_EXTENSION = app;
			};
			name = Release;
		};
		F6B351A619654C180093AE7D /* Debug */ = {
			isa = XCBuildConfiguration;
			buildSettings = {
				BUNDLE_LOADER = "$(BUILT_PRODUCTS_DIR)/MasonryDemo.app/MasonryDemo";
				FRAMEWORK_SEARCH_PATHS = (
					"$(SDKROOT)/Developer/Library/Frameworks",
					"$(inherited)",
					"$(DEVELOPER_FRAMEWORKS_DIR)",
				);
				GCC_PRECOMPILE_PREFIX_HEADER = YES;
				GCC_PREFIX_HEADER = "MasonryDemo/MasonryDemo-Prefix.pch";
				GCC_PREPROCESSOR_DEFINITIONS = (
					"DEBUG=1",
					"$(inherited)",
				);
				INFOPLIST_FILE = "MasonryDemoTests/MasonryDemoTests-Info.plist";
				PRODUCT_NAME = "$(TARGET_NAME)";
				TEST_HOST = "$(BUNDLE_LOADER)";
				WRAPPER_EXTENSION = xctest;
			};
			name = Debug;
		};
		F6B351A719654C180093AE7D /* Release */ = {
			isa = XCBuildConfiguration;
			buildSettings = {
				BUNDLE_LOADER = "$(BUILT_PRODUCTS_DIR)/MasonryDemo.app/MasonryDemo";
				FRAMEWORK_SEARCH_PATHS = (
					"$(SDKROOT)/Developer/Library/Frameworks",
					"$(inherited)",
					"$(DEVELOPER_FRAMEWORKS_DIR)",
				);
				GCC_PRECOMPILE_PREFIX_HEADER = YES;
				GCC_PREFIX_HEADER = "MasonryDemo/MasonryDemo-Prefix.pch";
				INFOPLIST_FILE = "MasonryDemoTests/MasonryDemoTests-Info.plist";
				PRODUCT_NAME = "$(TARGET_NAME)";
				TEST_HOST = "$(BUNDLE_LOADER)";
				WRAPPER_EXTENSION = xctest;
			};
			name = Release;
		};
/* End XCBuildConfiguration section */

/* Begin XCConfigurationList section */
		F6B3516B19654C170093AE7D /* Build configuration list for PBXProject "MasonryDemo" */ = {
			isa = XCConfigurationList;
			buildConfigurations = (
				F6B351A019654C180093AE7D /* Debug */,
				F6B351A119654C180093AE7D /* Release */,
			);
			defaultConfigurationIsVisible = 0;
			defaultConfigurationName = Release;
		};
		F6B351A219654C180093AE7D /* Build configuration list for PBXNativeTarget "MasonryDemo" */ = {
			isa = XCConfigurationList;
			buildConfigurations = (
				F6B351A319654C180093AE7D /* Debug */,
				F6B351A419654C180093AE7D /* Release */,
			);
			defaultConfigurationIsVisible = 0;
			defaultConfigurationName = Release;
		};
		F6B351A519654C180093AE7D /* Build configuration list for PBXNativeTarget "MasonryDemoTests" */ = {
			isa = XCConfigurationList;
			buildConfigurations = (
				F6B351A619654C180093AE7D /* Debug */,
				F6B351A719654C180093AE7D /* Release */,
			);
			defaultConfigurationIsVisible = 0;
			defaultConfigurationName = Release;
		};
/* End XCConfigurationList section */
	};
	rootObject = F6B3516819654C170093AE7D /* Project object */;
}
